
Microsoft Visual Studio Solution File, Format Version 12.00
# Visual Studio 14
VisualStudioVersion = 14.0.25420.1
MinimumVisualStudioVersion = 10.0.40219.1
Project("{F184B08F-C81C-45F6-A57F-5ABD9991F28F}") = "Getting Value from css Function", "Getting Value from css Function\Getting Value from css Function.vbproj", "{E6B5D994-8869-48B7-A94C-B4E55237B882}"
EndProject
Global
	GlobalSection(SolutionConfigurationPlatforms) = preSolution
		Debug|Any CPU = Debug|Any CPU
		Release|Any CPU = Release|Any CPU
	EndGlobalSection
	GlobalSection(ProjectConfigurationPlatforms) = postSolution
		{E6B5D994-8869-48B7-A94C-B4E55237B882}.Debug|Any CPU.ActiveCfg = Debug|Any CPU
		{E6B5D994-8869-48B7-A94C-B4E55237B882}.Debug|Any CPU.Build.0 = Debug|Any CPU
		{E6B5D994-8869-48B7-A94C-B4E55237B882}.Release|Any CPU.ActiveCfg = Release|Any CPU
		{E6B5D994-8869-48B7-A94C-B4E55237B882}.Release|Any CPU.Build.0 = Release|Any CPU
	EndGlobalSection
	GlobalSection(SolutionProperties) = preSolution
		HideSolutionNode = FALSE
	EndGlobalSection
EndGlobal
